
Microsoft Visual Studio Solution File, Format Version 12.00
# Visual Studio 15
VisualStudioVersion = 15.0.26228.9
MinimumVisualStudioVersion = 10.0.40219.1
Project("{FAE04EC0-301F-11D3-BF4B-00C04F79EFBC}") = "EfSamuari.Data", "EfSamuari.Data\EfSamuari.Data.csproj", "{36A01A48-BC4B-42E7-BF34-21FDC2901465}"
EndProject
Project("{FAE04EC0-301F-11D3-BF4B-00C04F79EFBC}") = "EFSamurai.Domain", "EFSamurai.Domain\EFSamurai.Domain.csproj", "{521CC59A-7C2E-4601-93C8-BAD2E5E11F42}"
EndProject
Project("{FAE04EC0-301F-11D3-BF4B-00C04F79EFBC}") = "EFSamurai.ConsoleApp", "EFSamurai.ConsoleApp\EFSamurai.ConsoleApp.csproj", "{FC94C0D7-3727-4BF1-814C-32E966034E2E}"
EndProject
Global
	GlobalSection(SolutionConfigurationPlatforms) = preSolution
		Debug|Any CPU = Debug|Any CPU
		Release|Any CPU = Release|Any CPU
	EndGlobalSection
	GlobalSection(ProjectConfigurationPlatforms) = postSolution
		{36A01A48-BC4B-42E7-BF34-21FDC2901465}.Debug|Any CPU.ActiveCfg = Debug|Any CPU
		{36A01A48-BC4B-42E7-BF34-21FDC2901465}.Debug|Any CPU.Build.0 = Debug|Any CPU
		{36A01A48-BC4B-42E7-BF34-21FDC2901465}.Release|Any CPU.ActiveCfg = Release|Any CPU
		{36A01A48-BC4B-42E7-BF34-21FDC2901465}.Release|Any CPU.Build.0 = Release|Any CPU
		{521CC59A-7C2E-4601-93C8-BAD2E5E11F42}.Debug|Any CPU.ActiveCfg = Debug|Any CPU
		{521CC59A-7C2E-4601-93C8-BAD2E5E11F42}.Debug|Any CPU.Build.0 = Debug|Any CPU
		{521CC59A-7C2E-4601-93C8-BAD2E5E11F42}.Release|Any CPU.ActiveCfg = Release|Any CPU
		{521CC59A-7C2E-4601-93C8-BAD2E5E11F42}.Release|Any CPU.Build.0 = Release|Any CPU
		{FC94C0D7-3727-4BF1-814C-32E966034E2E}.Debug|Any CPU.ActiveCfg = Debug|Any CPU
		{FC94C0D7-3727-4BF1-814C-32E966034E2E}.Debug|Any CPU.Build.0 = Debug|Any CPU
		{FC94C0D7-3727-4BF1-814C-32E966034E2E}.Release|Any CPU.ActiveCfg = Release|Any CPU
		{FC94C0D7-3727-4BF1-814C-32E966034E2E}.Release|Any CPU.Build.0 = Release|Any CPU
	EndGlobalSection
	GlobalSection(SolutionProperties) = preSolution
		HideSolutionNode = FALSE
	EndGlobalSection
EndGlobal
